# This file was autogenerated by Stack.
# You should not edit this file by hand.
# For more information, please see the documentation at:
#   https://docs.haskellstack.org/en/stable/lock_files

packages:
- completed:
    cabal-file:
      size: 2458
      sha256: 17ec7a34009a99b1e7c3a359cd2612b4ecd2254dae9d59d26538460f102a63fa
    name: aeson-deriving
    version: 0.1.0.0
    git: https://github.com/fieldstrength/aeson-deriving
    pantry-tree:
      size: 930
      sha256: a5a105234d0b661be88b0586e921e89e6309b47e94571c662d737df0ca6be113
    commit: 7b71906dd07ff148b05b6091239232db3cdd9dc8
  original:
    git: https://github.com/fieldstrength/aeson-deriving
    commit: 7b71906dd07ff148b05b6091239232db3cdd9dc8
snapshots:
- completed:
    size: 491372
    url: https://raw.githubusercontent.com/commercialhaskell/stackage-snapshots/master/lts/15/2.yaml
    sha256: a98d091d911606d0d8adccbeb811b81bbd8cc2d888f99ef9e273350e8e9692a8
  original: lts-15.2
